
Microsoft Visual Studio Solution File, Format Version 12.00
# Visual Studio Version 17
VisualStudioVersion = 17.11.35327.3
MinimumVisualStudioVersion = 10.0.40219.1
Project("{FAE04EC0-301F-11D3-BF4B-00C04F79EFBC}") = "BCSH2_Kratky_semestralka_typA", "BCSH2_Kratky_semestralka_typA\BCSH2_Kratky_semestralka_typA.csproj", "{0311F33E-8A56-47ED-98FD-755E03B9324C}"
EndProject
Global
	GlobalSection(SolutionConfigurationPlatforms) = preSolution
		Debug|Any CPU = Debug|Any CPU
		Release|Any CPU = Release|Any CPU
	EndGlobalSection
	GlobalSection(ProjectConfigurationPlatforms) = postSolution
		{0311F33E-8A56-47ED-98FD-755E03B9324C}.Debug|Any CPU.ActiveCfg = Debug|Any CPU
		{0311F33E-8A56-47ED-98FD-755E03B9324C}.Debug|Any CPU.Build.0 = Debug|Any CPU
		{0311F33E-8A56-47ED-98FD-755E03B9324C}.Release|Any CPU.ActiveCfg = Release|Any CPU
		{0311F33E-8A56-47ED-98FD-755E03B9324C}.Release|Any CPU.Build.0 = Release|Any CPU
	EndGlobalSection
	GlobalSection(SolutionProperties) = preSolution
		HideSolutionNode = FALSE
	EndGlobalSection
	GlobalSection(ExtensibilityGlobals) = postSolution
		SolutionGuid = {D0236047-D710-4F5E-954F-6ED982C23B6E}
	EndGlobalSection
EndGlobal
